
Microsoft Visual Studio Solution File, Format Version 12.00
# Visual Studio Version 16
VisualStudioVersion = 16.0.30611.23
MinimumVisualStudioVersion = 15.0.26124.0
Project("{FAE04EC0-301F-11D3-BF4B-00C04F79EFBC}") = "Proba14.Objects", "Objects/Proba14.Objects.csproj", "5032ea89-2196-45d3-b47e-a6ecedef8e99"
EndProject
Project("{FAE04EC0-301F-11D3-BF4B-00C04F79EFBC}") = "Proba14.Tests", "Tests/Proba14.Tests.csproj", "f1c09a4f-3b40-444c-aac7-1803a70e4984"
EndProject
Project("{FAE04EC0-301F-11D3-BF4B-00C04F79EFBC}") = "Proba14.ODataBackend", "ODataBackend/Proba14.ODataBackend.csproj", "9bb29bb0-7665-4037-b350-28047c77fb7e"
EndProject
Project("{FAE04EC0-301F-11D3-BF4B-00C04F79EFBC}") = "Proba14.IntegrationTests", "IntegrationTests/Proba14.IntegrationTests.csproj", "93da129b-a8e8-4abf-9002-851cd4661987"
EndProject
Global
	GlobalSection(SolutionConfigurationPlatforms) = preSolution
Debug|Any CPU = Debug|Any CPU
Release|Any CPU = Release|Any CPU
	EndGlobalSection
	GlobalSection(ProjectConfigurationPlatforms) = postSolution
		5032ea89-2196-45d3-b47e-a6ecedef8e99.Debug|Any CPU.ActiveCfg = Debug|Any CPU
		5032ea89-2196-45d3-b47e-a6ecedef8e99.Debug|Any CPU.Build.0 = Debug|Any CPU
		5032ea89-2196-45d3-b47e-a6ecedef8e99.Release|Any CPU.ActiveCfg = Release|Any CPU
		5032ea89-2196-45d3-b47e-a6ecedef8e99.Release|Any CPU.Build.0 = Release|Any CPU
		f1c09a4f-3b40-444c-aac7-1803a70e4984.Debug|Any CPU.ActiveCfg = Debug|Any CPU
		f1c09a4f-3b40-444c-aac7-1803a70e4984.Debug|Any CPU.Build.0 = Debug|Any CPU
		f1c09a4f-3b40-444c-aac7-1803a70e4984.Release|Any CPU.ActiveCfg = Release|Any CPU
		f1c09a4f-3b40-444c-aac7-1803a70e4984.Release|Any CPU.Build.0 = Release|Any CPU
		9bb29bb0-7665-4037-b350-28047c77fb7e.Debug|Any CPU.ActiveCfg = Debug|Any CPU
		9bb29bb0-7665-4037-b350-28047c77fb7e.Debug|Any CPU.Build.0 = Debug|Any CPU
		9bb29bb0-7665-4037-b350-28047c77fb7e.Release|Any CPU.ActiveCfg = Release|Any CPU
		9bb29bb0-7665-4037-b350-28047c77fb7e.Release|Any CPU.Build.0 = Release|Any CPU
		93da129b-a8e8-4abf-9002-851cd4661987.Debug|Any CPU.ActiveCfg = Debug|Any CPU
		93da129b-a8e8-4abf-9002-851cd4661987.Debug|Any CPU.Build.0 = Debug|Any CPU
		93da129b-a8e8-4abf-9002-851cd4661987.Release|Any CPU.ActiveCfg = Release|Any CPU
		93da129b-a8e8-4abf-9002-851cd4661987.Release|Any CPU.Build.0 = Release|Any CPU
	EndGlobalSection
	GlobalSection(SolutionProperties) = preSolution
		HideSolutionNode = FALSE
	EndGlobalSection
EndGlobal
